// !$*UTF8*$!
{
	archiveVersion = 1;
	classes = {
	};
	objectVersion = 46;
	objects = {

/* Begin PBXBuildFile section */
		0BA84BF3500A409064BE2820 /* Pods.framework in Frameworks */ = {isa = PBXBuildFile; fileRef = CF358D67711437CE5B0DBC0B /* Pods.framework */; };
		819714AE1C759D4C0045BDC7 /* AppDelegate.swift in Sources */ = {isa = PBXBuildFile; fileRef = 819714AD1C759D4C0045BDC7 /* AppDelegate.swift */; };
		819714B31C759D4C0045BDC7 /* Main.storyboard in Resources */ = {isa = PBXBuildFile; fileRef = 819714B11C759D4C0045BDC7 /* Main.storyboard */; };
		819714B61C759D4D0045BDC7 /* esmerization.xcdatamodeld in Sources */ = {isa = PBXBuildFile; fileRef = 819714B41C759D4D0045BDC7 /* esmerization.xcdatamodeld */; };
		819714B81C759D4D0045BDC7 /* Assets.xcassets in Resources */ = {isa = PBXBuildFile; fileRef = 819714B71C759D4D0045BDC7 /* Assets.xcassets */; };
		819714BB1C759D4D0045BDC7 /* LaunchScreen.storyboard in Resources */ = {isa = PBXBuildFile; fileRef = 819714B91C759D4D0045BDC7 /* LaunchScreen.storyboard */; };
		819714F41C75C4620045BDC7 /* Room.swift in Sources */ = {isa = PBXBuildFile; fileRef = 819714F11C75C4620045BDC7 /* Room.swift */; };
		819714F51C75C4620045BDC7 /* RoomListViewController.swift in Sources */ = {isa = PBXBuildFile; fileRef = 819714F21C75C4620045BDC7 /* RoomListViewController.swift */; };
		819714F61C75C4620045BDC7 /* RoomViewController.swift in Sources */ = {isa = PBXBuildFile; fileRef = 819714F31C75C4620045BDC7 /* RoomViewController.swift */; };
		819714FA1C75D6A90045BDC7 /* MobileVLCKit.framework in Frameworks */ = {isa = PBXBuildFile; fileRef = 819714F91C75D6A90045BDC7 /* MobileVLCKit.framework */; };
		819715001C75D7360045BDC7 /* QuartzCore.framework in Frameworks */ = {isa = PBXBuildFile; fileRef = 819714FF1C75D7360045BDC7 /* QuartzCore.framework */; };
		819715021C75D7590045BDC7 /* OpenGLES.framework in Frameworks */ = {isa = PBXBuildFile; fileRef = 819715011C75D7590045BDC7 /* OpenGLES.framework */; };
		819715041C75D75E0045BDC7 /* CoreText.framework in Frameworks */ = {isa = PBXBuildFile; fileRef = 819715031C75D75E0045BDC7 /* CoreText.framework */; };
		819715061C75D7680045BDC7 /* AVFoundation.framework in Frameworks */ = {isa = PBXBuildFile; fileRef = 819715051C75D7680045BDC7 /* AVFoundation.framework */; };
		819715081C75D76D0045BDC7 /* Security.framework in Frameworks */ = {isa = PBXBuildFile; fileRef = 819715071C75D76D0045BDC7 /* Security.framework */; };
		8197150A1C75D77E0045BDC7 /* AudioToolbox.framework in Frameworks */ = {isa = PBXBuildFile; fileRef = 819715091C75D77E0045BDC7 /* AudioToolbox.framework */; };
		8197150C1C75D78B0045BDC7 /* CFNetwork.framework in Frameworks */ = {isa = PBXBuildFile; fileRef = 8197150B1C75D78B0045BDC7 /* CFNetwork.framework */; };
		8197150E1C75D7930045BDC7 /* CoreGraphics.framework in Frameworks */ = {isa = PBXBuildFile; fileRef = 8197150D1C75D7930045BDC7 /* CoreGraphics.framework */; };
		819715101C75D7A10045BDC7 /* libz.tbd in Frameworks */ = {isa = PBXBuildFile; fileRef = 8197150F1C75D7A10045BDC7 /* libz.tbd */; };
		819715121C75D7A50045BDC7 /* libxml2.tbd in Frameworks */ = {isa = PBXBuildFile; fileRef = 819715111C75D7A50045BDC7 /* libxml2.tbd */; };
		819715141C75D7AB0045BDC7 /* libiconv.tbd in Frameworks */ = {isa = PBXBuildFile; fileRef = 819715131C75D7AB0045BDC7 /* libiconv.tbd */; };
		819715161C75D7B20045BDC7 /* libstdc++.tbd in Frameworks */ = {isa = PBXBuildFile; fileRef = 819715151C75D7B20045BDC7 /* libstdc++.tbd */; };
		819715181C75D7BD0045BDC7 /* libbz2.tbd in Frameworks */ = {isa = PBXBuildFile; fileRef = 819715171C75D7BD0045BDC7 /* libbz2.tbd */; };
		8197151A1C75D81F0045BDC7 /* VideoToolbox.framework in Frameworks */ = {isa = PBXBuildFile; fileRef = 819715191C75D81F0045BDC7 /* VideoToolbox.framework */; };
		8197151C1C75D9210045BDC7 /* CoreVideo.framework in Frameworks */ = {isa = PBXBuildFile; fileRef = 8197151B1C75D9210045BDC7 /* CoreVideo.framework */; };
		8197151E1C75D92E0045BDC7 /* CoreMedia.framework in Frameworks */ = {isa = PBXBuildFile; fileRef = 8197151D1C75D92E0045BDC7 /* CoreMedia.framework */; };
		819715201C76AE650045BDC7 /* ImageHelper.swift in Sources */ = {isa = PBXBuildFile; fileRef = 8197151F1C76AE650045BDC7 /* ImageHelper.swift */; };
/* End PBXBuildFile section */

/* Begin PBXFileReference section */
		819714AA1C759D4C0045BDC7 /* esmerization.app */ = {isa = PBXFileReference; explicitFileType = wrapper.application; includeInIndex = 0; path = esmerization.app; sourceTree = BUILT_PRODUCTS_DIR; };
		819714AD1C759D4C0045BDC7 /* AppDelegate.swift */ = {isa = PBXFileReference; lastKnownFileType = sourcecode.swift; path = AppDelegate.swift; sourceTree = "<group>"; };
		819714B21C759D4C0045BDC7 /* Base */ = {isa = PBXFileReference; lastKnownFileType = file.storyboard; name = Base; path = Base.lproj/Main.storyboard; sourceTree = "<group>"; };
		819714B51C759D4D0045BDC7 /* esmerization.xcdatamodel */ = {isa = PBXFileReference; lastKnownFileType = wrapper.xcdatamodel; path = esmerization.xcdatamodel; sourceTree = "<group>"; };
		819714B71C759D4D0045BDC7 /* Assets.xcassets */ = {isa = PBXFileReference; lastKnownFileType = folder.assetcatalog; path = Assets.xcassets; sourceTree = "<group>"; };
		819714BA1C759D4D0045BDC7 /* Base */ = {isa = PBXFileReference; lastKnownFileType = file.storyboard; name = Base; path = Base.lproj/LaunchScreen.storyboard; sourceTree = "<group>"; };
		819714BC1C759D4D0045BDC7 /* Info.plist */ = {isa = PBXFileReference; lastKnownFileType = text.plist.xml; path = Info.plist; sourceTree = "<group>"; };
		819714F11C75C4620045BDC7 /* Room.swift */ = {isa = PBXFileReference; fileEncoding = 4; lastKnownFileType = sourcecode.swift; path = Room.swift; sourceTree = "<group>"; };
		819714F21C75C4620045BDC7 /* RoomListViewController.swift */ = {isa = PBXFileReference; fileEncoding = 4; lastKnownFileType = sourcecode.swift; path = RoomListViewController.swift; sourceTree = "<group>"; };
		819714F31C75C4620045BDC7 /* RoomViewController.swift */ = {isa = PBXFileReference; fileEncoding = 4; lastKnownFileType = sourcecode.swift; path = RoomViewController.swift; sourceTree = "<group>"; };
		819714F91C75D6A90045BDC7 /* MobileVLCKit.framework */ = {isa = PBXFileReference; lastKnownFileType = wrapper.framework; path = MobileVLCKit.framework; sourceTree = "<group>"; };
		819714FB1C75D6EE0045BDC7 /* esmerization-Bridging-Header.h */ = {isa = PBXFileReference; lastKnownFileType = sourcecode.c.h; path = "esmerization-Bridging-Header.h"; sourceTree = "<group>"; };
		819714FF1C75D7360045BDC7 /* QuartzCore.framework */ = {isa = PBXFileReference; lastKnownFileType = wrapper.framework; name = QuartzCore.framework; path = System/Library/Frameworks/QuartzCore.framework; sourceTree = SDKROOT; };
		819715011C75D7590045BDC7 /* OpenGLES.framework */ = {isa = PBXFileReference; lastKnownFileType = wrapper.framework; name = OpenGLES.framework; path = System/Library/Frameworks/OpenGLES.framework; sourceTree = SDKROOT; };
		819715031C75D75E0045BDC7 /* CoreText.framework */ = {isa = PBXFileReference; lastKnownFileType = wrapper.framework; name = CoreText.framework; path = System/Library/Frameworks/CoreText.framework; sourceTree = SDKROOT; };
		819715051C75D7680045BDC7 /* AVFoundation.framework */ = {isa = PBXFileReference; lastKnownFileType = wrapper.framework; name = AVFoundation.framework; path = System/Library/Frameworks/AVFoundation.framework; sourceTree = SDKROOT; };
		819715071C75D76D0045BDC7 /* Security.framework */ = {isa = PBXFileReference; lastKnownFileType = wrapper.framework; name = Security.framework; path = System/Library/Frameworks/Security.framework; sourceTree = SDKROOT; };
		819715091C75D77E0045BDC7 /* AudioToolbox.framework */ = {isa = PBXFileReference; lastKnownFileType = wrapper.framework; name = AudioToolbox.framework; path = System/Library/Frameworks/AudioToolbox.framework; sourceTree = SDKROOT; };
		8197150B1C75D78B0045BDC7 /* CFNetwork.framework */ = {isa = PBXFileReference; lastKnownFileType = wrapper.framework; name = CFNetwork.framework; path = System/Library/Frameworks/CFNetwork.framework; sourceTree = SDKROOT; };
		8197150D1C75D7930045BDC7 /* CoreGraphics.framework */ = {isa = PBXFileReference; lastKnownFileType = wrapper.framework; name = CoreGraphics.framework; path = System/Library/Frameworks/CoreGraphics.framework; sourceTree = SDKROOT; };
		8197150F1C75D7A10045BDC7 /* libz.tbd */ = {isa = PBXFileReference; lastKnownFileType = "sourcecode.text-based-dylib-definition"; name = libz.tbd; path = usr/lib/libz.tbd; sourceTree = SDKROOT; };
		819715111C75D7A50045BDC7 /* libxml2.tbd */ = {isa = PBXFileReference; lastKnownFileType = "sourcecode.text-based-dylib-definition"; name = libxml2.tbd; path = usr/lib/libxml2.tbd; sourceTree = SDKROOT; };
		819715131C75D7AB0045BDC7 /* libiconv.tbd */ = {isa = PBXFileReference; lastKnownFileType = "sourcecode.text-based-dylib-definition"; name = libiconv.tbd; path = usr/lib/libiconv.tbd; sourceTree = SDKROOT; };
		819715151C75D7B20045BDC7 /* libstdc++.tbd */ = {isa = PBXFileReference; lastKnownFileType = "sourcecode.text-based-dylib-definition"; name = "libstdc++.tbd"; path = "usr/lib/libstdc++.tbd"; sourceTree = SDKROOT; };
		819715171C75D7BD0045BDC7 /* libbz2.tbd */ = {isa = PBXFileReference; lastKnownFileType = "sourcecode.text-based-dylib-definition"; name = libbz2.tbd; path = usr/lib/libbz2.tbd; sourceTree = SDKROOT; };
		819715191C75D81F0045BDC7 /* VideoToolbox.framework */ = {isa = PBXFileReference; lastKnownFileType = wrapper.framework; name = VideoToolbox.framework; path = System/Library/Frameworks/VideoToolbox.framework; sourceTree = SDKROOT; };
		8197151B1C75D9210045BDC7 /* CoreVideo.framework */ = {isa = PBXFileReference; lastKnownFileType = wrapper.framework; name = CoreVideo.framework; path = System/Library/Frameworks/CoreVideo.framework; sourceTree = SDKROOT; };
		8197151D1C75D92E0045BDC7 /* CoreMedia.framework */ = {isa = PBXFileReference; lastKnownFileType = wrapper.framework; name = CoreMedia.framework; path = System/Library/Frameworks/CoreMedia.framework; sourceTree = SDKROOT; };
		8197151F1C76AE650045BDC7 /* ImageHelper.swift */ = {isa = PBXFileReference; fileEncoding = 4; lastKnownFileType = sourcecode.swift; path = ImageHelper.swift; sourceTree = "<group>"; };
		C2EECC47FBEE84F5FE9EBFE4 /* Pods.debug.xcconfig */ = {isa = PBXFileReference; includeInIndex = 1; lastKnownFileType = text.xcconfig; name = Pods.debug.xcconfig; path = "Pods/Target Support Files/Pods/Pods.debug.xcconfig"; sourceTree = "<group>"; };
		CF358D67711437CE5B0DBC0B /* Pods.framework */ = {isa = PBXFileReference; explicitFileType = wrapper.framework; includeInIndex = 0; path = Pods.framework; sourceTree = BUILT_PRODUCTS_DIR; };
		F1CEF29311670C5418D38ED4 /* Pods.release.xcconfig */ = {isa = PBXFileReference; includeInIndex = 1; lastKnownFileType = text.xcconfig; name = Pods.release.xcconfig; path = "Pods/Target Support Files/Pods/Pods.release.xcconfig"; sourceTree = "<group>"; };
/* End PBXFileReference section */

/* Begin PBXFrameworksBuildPhase section */
		819714A71C759D4C0045BDC7 /* Frameworks */ = {
			isa = PBXFrameworksBuildPhase;
			buildActionMask = 2147483647;
			files = (
				8197151E1C75D92E0045BDC7 /* CoreMedia.framework in Frameworks */,
				8197151C1C75D9210045BDC7 /* CoreVideo.framework in Frameworks */,
				8197151A1C75D81F0045BDC7 /* VideoToolbox.framework in Frameworks */,
				819715181C75D7BD0045BDC7 /* libbz2.tbd in Frameworks */,
				819715161C75D7B20045BDC7 /* libstdc++.tbd in Frameworks */,
				819715141C75D7AB0045BDC7 /* libiconv.tbd in Frameworks */,
				819715121C75D7A50045BDC7 /* libxml2.tbd in Frameworks */,
				819715101C75D7A10045BDC7 /* libz.tbd in Frameworks */,
				8197150E1C75D7930045BDC7 /* CoreGraphics.framework in Frameworks */,
				8197150C1C75D78B0045BDC7 /* CFNetwork.framework in Frameworks */,
				8197150A1C75D77E0045BDC7 /* AudioToolbox.framework in Frameworks */,
				819715081C75D76D0045BDC7 /* Security.framework in Frameworks */,
				819715061C75D7680045BDC7 /* AVFoundation.framework in Frameworks */,
				819715041C75D75E0045BDC7 /* CoreText.framework in Frameworks */,
				819715021C75D7590045BDC7 /* OpenGLES.framework in Frameworks */,
				819715001C75D7360045BDC7 /* QuartzCore.framework in Frameworks */,
				0BA84BF3500A409064BE2820 /* Pods.framework in Frameworks */,
				819714FA1C75D6A90045BDC7 /* MobileVLCKit.framework in Frameworks */,
			);
			runOnlyForDeploymentPostprocessing = 0;
		};
/* End PBXFrameworksBuildPhase section */

/* Begin PBXGroup section */
		428144DEFD54F67D0D9E41AF /* Pods */ = {
			isa = PBXGroup;
			children = (
				C2EECC47FBEE84F5FE9EBFE4 /* Pods.debug.xcconfig */,
				F1CEF29311670C5418D38ED4 /* Pods.release.xcconfig */,
			);
			name = Pods;
			sourceTree = "<group>";
		};
		819714A11C759D4C0045BDC7 = {
			isa = PBXGroup;
			children = (
				819714AC1C759D4C0045BDC7 /* esmerization */,
				819714AB1C759D4C0045BDC7 /* Products */,
				428144DEFD54F67D0D9E41AF /* Pods */,
				94EE965D52D86D97CE969EDF /* Frameworks */,
			);
			sourceTree = "<group>";
		};
		819714AB1C759D4C0045BDC7 /* Products */ = {
			isa = PBXGroup;
			children = (
				819714AA1C759D4C0045BDC7 /* esmerization.app */,
			);
			name = Products;
			sourceTree = "<group>";
		};
		819714AC1C759D4C0045BDC7 /* esmerization */ = {
			isa = PBXGroup;
			children = (
				819714F01C75C4200045BDC7 /* Resources */,
				819714EF1C75C4190045BDC7 /* Classes */,
			);
			path = esmerization;
			sourceTree = "<group>";
		};
		819714EF1C75C4190045BDC7 /* Classes */ = {
			isa = PBXGroup;
			children = (
				819714F11C75C4620045BDC7 /* Room.swift */,
				819714F21C75C4620045BDC7 /* RoomListViewController.swift */,
				819714F31C75C4620045BDC7 /* RoomViewController.swift */,
				819714AD1C759D4C0045BDC7 /* AppDelegate.swift */,
				8197151F1C76AE650045BDC7 /* ImageHelper.swift */,
			);
			name = Classes;
			sourceTree = "<group>";
		};
		819714F01C75C4200045BDC7 /* Resources */ = {
			isa = PBXGroup;
			children = (
				819714B11C759D4C0045BDC7 /* Main.storyboard */,
				819714B71C759D4D0045BDC7 /* Assets.xcassets */,
				819714B91C759D4D0045BDC7 /* LaunchScreen.storyboard */,
				819714BC1C759D4D0045BDC7 /* Info.plist */,
				819714B41C759D4D0045BDC7 /* esmerization.xcdatamodeld */,
				819714FB1C75D6EE0045BDC7 /* esmerization-Bridging-Header.h */,
			);
			name = Resources;
			sourceTree = "<group>";
		};
		94EE965D52D86D97CE969EDF /* Frameworks */ = {
			isa = PBXGroup;
			children = (
				8197151D1C75D92E0045BDC7 /* CoreMedia.framework */,
				8197151B1C75D9210045BDC7 /* CoreVideo.framework */,
				819715191C75D81F0045BDC7 /* VideoToolbox.framework */,
				819715171C75D7BD0045BDC7 /* libbz2.tbd */,
				819715151C75D7B20045BDC7 /* libstdc++.tbd */,
				819715131C75D7AB0045BDC7 /* libiconv.tbd */,
				819715111C75D7A50045BDC7 /* libxml2.tbd */,
				8197150F1C75D7A10045BDC7 /* libz.tbd */,
				8197150D1C75D7930045BDC7 /* CoreGraphics.framework */,
				8197150B1C75D78B0045BDC7 /* CFNetwork.framework */,
				819715091C75D77E0045BDC7 /* AudioToolbox.framework */,
				819715071C75D76D0045BDC7 /* Security.framework */,
				819715051C75D7680045BDC7 /* AVFoundation.framework */,
				819715031C75D75E0045BDC7 /* CoreText.framework */,
				819715011C75D7590045BDC7 /* OpenGLES.framework */,
				819714FF1C75D7360045BDC7 /* QuartzCore.framework */,
				819714F91C75D6A90045BDC7 /* MobileVLCKit.framework */,
				CF358D67711437CE5B0DBC0B /* Pods.framework */,
			);
			name = Frameworks;
			sourceTree = "<group>";
		};
/* End PBXGroup section */

/* Begin PBXNativeTarget section */
		819714A91C759D4C0045BDC7 /* esmerization */ = {
			isa = PBXNativeTarget;
			buildConfigurationList = 819714BF1C759D4D0045BDC7 /* Build configuration list for PBXNativeTarget "esmerization" */;
			buildPhases = (
				BB4AD180C1C5FED2C2584395 /* Check Pods Manifest.lock */,
				819714A61C759D4C0045BDC7 /* Sources */,
				819714A71C759D4C0045BDC7 /* Frameworks */,
				819714A81C759D4C0045BDC7 /* Resources */,
				80367831B24B8E23C31380F7 /* Embed Pods Frameworks */,
				79F7079818B8F116EB32D622 /* Copy Pods Resources */,
			);
			buildRules = (
			);
			dependencies = (
			);
			name = esmerization;
			productName = esmerization;
			productReference = 819714AA1C759D4C0045BDC7 /* esmerization.app */;
			productType = "com.apple.product-type.application";
		};
/* End PBXNativeTarget section */

/* Begin PBXProject section */
		819714A21C759D4C0045BDC7 /* Project object */ = {
			isa = PBXProject;
			attributes = {
				LastSwiftUpdateCheck = 0720;
				LastUpgradeCheck = 0720;
				ORGANIZATIONNAME = wujianguo;
				TargetAttributes = {
					819714A91C759D4C0045BDC7 = {
						CreatedOnToolsVersion = 7.2.1;
					};
				};
			};
			buildConfigurationList = 819714A51C759D4C0045BDC7 /* Build configuration list for PBXProject "esmerization" */;
			compatibilityVersion = "Xcode 3.2";
			developmentRegion = English;
			hasScannedForEncodings = 0;
			knownRegions = (
				en,
				Base,
			);
			mainGroup = 819714A11C759D4C0045BDC7;
			productRefGroup = 819714AB1C759D4C0045BDC7 /* Products */;
			projectDirPath = "";
			projectRoot = "";
			targets = (
				819714A91C759D4C0045BDC7 /* esmerization */,
			);
		};
/* End PBXProject section */

/* Begin PBXResourcesBuildPhase section */
		819714A81C759D4C0045BDC7 /* Resources */ = {
			isa = PBXResourcesBuildPhase;
			buildActionMask = 2147483647;
			files = (
				819714BB1C759D4D0045BDC7 /* LaunchScreen.storyboard in Resources */,
				819714B81C759D4D0045BDC7 /* Assets.xcassets in Resources */,
				819714B31C759D4C0045BDC7 /* Main.storyboard in Resources */,
			);
			runOnlyForDeploymentPostprocessing = 0;
		};
/* End PBXResourcesBuildPhase section */

/* Begin PBXShellScriptBuildPhase section */
		79F7079818B8F116EB32D622 /* Copy Pods Resources */ = {
			isa = PBXShellScriptBuildPhase;
			buildActionMask = 2147483647;
			files = (
			);
			inputPaths = (
			);
			name = "Copy Pods Resources";
			outputPaths = (
			);
			runOnlyForDeploymentPostprocessing = 0;
			shellPath = /bin/sh;
			shellScript = "\"${SRCROOT}/Pods/Target Support Files/Pods/Pods-resources.sh\"\n";
			showEnvVarsInLog = 0;
		};
		80367831B24B8E23C31380F7 /* Embed Pods Frameworks */ = {
			isa = PBXShellScriptBuildPhase;
			buildActionMask = 2147483647;
			files = (
			);
			inputPaths = (
			);
			name = "Embed Pods Frameworks";
			outputPaths = (
			);
			runOnlyForDeploymentPostprocessing = 0;
			shellPath = /bin/sh;
			shellScript = "\"${SRCROOT}/Pods/Target Support Files/Pods/Pods-frameworks.sh\"\n";
			showEnvVarsInLog = 0;
		};
		BB4AD180C1C5FED2C2584395 /* Check Pods Manifest.lock */ = {
			isa = PBXShellScriptBuildPhase;
			buildActionMask = 2147483647;
			files = (
			);
			inputPaths = (
			);
			name = "Check Pods Manifest.lock";
			outputPaths = (
			);
			runOnlyForDeploymentPostprocessing = 0;
			shellPath = /bin/sh;
			shellScript = "diff \"${PODS_ROOT}/../Podfile.lock\" \"${PODS_ROOT}/Manifest.lock\" > /dev/null\nif [[ $? != 0 ]] ; then\n    cat << EOM\nerror: The sandbox is not in sync with the Podfile.lock. Run 'pod install' or update your CocoaPods installation.\nEOM\n    exit 1\nfi\n";
			showEnvVarsInLog = 0;
		};
/* End PBXShellScriptBuildPhase section */

/* Begin PBXSourcesBuildPhase section */
		819714A61C759D4C0045BDC7 /* Sources */ = {
			isa = PBXSourcesBuildPhase;
			buildActionMask = 2147483647;
			files = (
				819714B61C759D4D0045BDC7 /* esmerization.xcdatamodeld in Sources */,
				819714AE1C759D4C0045BDC7 /* AppDelegate.swift in Sources */,
				819714F41C75C4620045BDC7 /* Room.swift in Sources */,
				819714F61C75C4620045BDC7 /* RoomViewController.swift in Sources */,
				819714F51C75C4620045BDC7 /* RoomListViewController.swift in Sources */,
				819715201C76AE650045BDC7 /* ImageHelper.swift in Sources */,
			);
			runOnlyForDeploymentPostprocessing = 0;
		};
/* End PBXSourcesBuildPhase section */

/* Begin PBXVariantGroup section */
		819714B11C759D4C0045BDC7 /* Main.storyboard */ = {
			isa = PBXVariantGroup;
			children = (
				819714B21C759D4C0045BDC7 /* Base */,
			);
			name = Main.storyboard;
			sourceTree = "<group>";
		};
		819714B91C759D4D0045BDC7 /* LaunchScreen.storyboard */ = {
			isa = PBXVariantGroup;
			children = (
				819714BA1C759D4D0045BDC7 /* Base */,
			);
			name = LaunchScreen.storyboard;
			sourceTree = "<group>";
		};
/* End PBXVariantGroup section */

/* Begin XCBuildConfiguration section */
		819714BD1C759D4D0045BDC7 /* Debug */ = {
			isa = XCBuildConfiguration;
			buildSettings = {
				ALWAYS_SEARCH_USER_PATHS = NO;
				CLANG_CXX_LANGUAGE_STANDARD = "gnu++0x";
				CLANG_CXX_LIBRARY = "libc++";
				CLANG_ENABLE_MODULES = YES;
				CLANG_ENABLE_OBJC_ARC = YES;
				CLANG_WARN_BOOL_CONVERSION = YES;
				CLANG_WARN_CONSTANT_CONVERSION = YES;
				CLANG_WARN_DIRECT_OBJC_ISA_USAGE = YES_ERROR;
				CLANG_WARN_EMPTY_BODY = YES;
				CLANG_WARN_ENUM_CONVERSION = YES;
				CLANG_WARN_INT_CONVERSION = YES;
				CLANG_WARN_OBJC_ROOT_CLASS = YES_ERROR;
				CLANG_WARN_UNREACHABLE_CODE = YES;
				CLANG_WARN__DUPLICATE_METHOD_MATCH = YES;
				"CODE_SIGN_IDENTITY[sdk=iphoneos*]" = "iPhone Developer";
				COPY_PHASE_STRIP = NO;
				DEBUG_INFORMATION_FORMAT = dwarf;
				ENABLE_STRICT_OBJC_MSGSEND = YES;
				ENABLE_TESTABILITY = YES;
				GCC_C_LANGUAGE_STANDARD = gnu99;
				GCC_DYNAMIC_NO_PIC = NO;
				GCC_NO_COMMON_BLOCKS = YES;
				GCC_OPTIMIZATION_LEVEL = 0;
				GCC_PREPROCESSOR_DEFINITIONS = (
					"DEBUG=1",
					"$(inherited)",
				);
				GCC_WARN_64_TO_32_BIT_CONVERSION = YES;
				GCC_WARN_ABOUT_RETURN_TYPE = YES_ERROR;
				GCC_WARN_UNDECLARED_SELECTOR = YES;
				GCC_WARN_UNINITIALIZED_AUTOS = YES_AGGRESSIVE;
				GCC_WARN_UNUSED_FUNCTION = YES;
				GCC_WARN_UNUSED_VARIABLE = YES;
				IPHONEOS_DEPLOYMENT_TARGET = 9.2;
				MTL_ENABLE_DEBUG_INFO = YES;
				ONLY_ACTIVE_ARCH = YES;
				SDKROOT = iphoneos;
				SWIFT_OPTIMIZATION_LEVEL = "-Onone";
				TARGETED_DEVICE_FAMILY = "1,2";
			};
			name = Debug;
		};
		819714BE1C759D4D0045BDC7 /* Release */ = {
			isa = XCBuildConfiguration;
			buildSettings = {
				ALWAYS_SEARCH_USER_PATHS = NO;
				CLANG_CXX_LANGUAGE_STANDARD = "gnu++0x";
				CLANG_CXX_LIBRARY = "libc++";
				CLANG_ENABLE_MODULES = YES;
				CLANG_ENABLE_OBJC_ARC = YES;
				CLANG_WARN_BOOL_CONVERSION = YES;
				CLANG_WARN_CONSTANT_CONVERSION = YES;
				CLANG_WARN_DIRECT_OBJC_ISA_USAGE = YES_ERROR;
				CLANG_WARN_EMPTY_BODY = YES;
				CLANG_WARN_ENUM_CONVERSION = YES;
				CLANG_WARN_INT_CONVERSION = YES;
				CLANG_WARN_OBJC_ROOT_CLASS = YES_ERROR;
				CLANG_WARN_UNREACHABLE_CODE = YES;
				CLANG_WARN__DUPLICATE_METHOD_MATCH = YES;
				"CODE_SIGN_IDENTITY[sdk=iphoneos*]" = "iPhone Developer";
				COPY_PHASE_STRIP = NO;
				DEBUG_INFORMATION_FORMAT = "dwarf-with-dsym";
				ENABLE_NS_ASSERTIONS = NO;
				ENABLE_STRICT_OBJC_MSGSEND = YES;
				GCC_C_LANGUAGE_STANDARD = gnu99;
				GCC_NO_COMMON_BLOCKS = YES;
				GCC_WARN_64_TO_32_BIT_CONVERSION = YES;
				GCC_WARN_ABOUT_RETURN_TYPE = YES_ERROR;
				GCC_WARN_UNDECLARED_SELECTOR = YES;
				GCC_WARN_UNINITIALIZED_AUTOS = YES_AGGRESSIVE;
				GCC_WARN_UNUSED_FUNCTION = YES;
				GCC_WARN_UNUSED_VARIABLE = YES;
				IPHONEOS_DEPLOYMENT_TARGET = 9.2;
				MTL_ENABLE_DEBUG_INFO = NO;
				SDKROOT = iphoneos;
				TARGETED_DEVICE_FAMILY = "1,2";
				VALIDATE_PRODUCT = YES;
			};
			name = Release;
		};
		819714C01C759D4D0045BDC7 /* Debug */ = {
			isa = XCBuildConfiguration;
			baseConfigurationReference = C2EECC47FBEE84F5FE9EBFE4 /* Pods.debug.xcconfig */;
			buildSettings = {
				ASSETCATALOG_COMPILER_APPICON_NAME = AppIcon;
				CLANG_ENABLE_MODULES = YES;
				ENABLE_BITCODE = NO;
				FRAMEWORK_SEARCH_PATHS = (
					"$(inherited)",
					"$(PROJECT_DIR)",
				);
				INFOPLIST_FILE = esmerization/Info.plist;
				LD_RUNPATH_SEARCH_PATHS = "$(inherited) @executable_path/Frameworks";
				PRODUCT_BUNDLE_IDENTIFIER = org.wujianguo.esmerization;
				PRODUCT_NAME = "$(TARGET_NAME)";
				SWIFT_OBJC_BRIDGING_HEADER = "esmerization/esmerization-Bridging-Header.h";
				SWIFT_OPTIMIZATION_LEVEL = "-Onone";
			};
			name = Debug;
		};
		819714C11C759D4D0045BDC7 /* Release */ = {
			isa = XCBuildConfiguration;
			baseConfigurationReference = F1CEF29311670C5418D38ED4 /* Pods.release.xcconfig */;
			buildSettings = {
				ASSETCATALOG_COMPILER_APPICON_NAME = AppIcon;
				CLANG_ENABLE_MODULES = YES;
				ENABLE_BITCODE = NO;
				FRAMEWORK_SEARCH_PATHS = (
					"$(inherited)",
					"$(PROJECT_DIR)",
				);
				INFOPLIST_FILE = esmerization/Info.plist;
				LD_RUNPATH_SEARCH_PATHS = "$(inherited) @executable_path/Frameworks";
				PRODUCT_BUNDLE_IDENTIFIER = org.wujianguo.esmerization;
				PRODUCT_NAME = "$(TARGET_NAME)";
				SWIFT_OBJC_BRIDGING_HEADER = "esmerization/esmerization-Bridging-Header.h";
			};
			name = Release;
		};
/* End XCBuildConfiguration section */

/* Begin XCConfigurationList section */
		819714A51C759D4C0045BDC7 /* Build configuration list for PBXProject "esmerization" */ = {
			isa = XCConfigurationList;
			buildConfigurations = (
				819714BD1C759D4D0045BDC7 /* Debug */,
				819714BE1C759D4D0045BDC7 /* Release */,
			);
			defaultConfigurationIsVisible = 0;
			defaultConfigurationName = Release;
		};
		819714BF1C759D4D0045BDC7 /* Build configuration list for PBXNativeTarget "esmerization" */ = {
			isa = XCConfigurationList;
			buildConfigurations = (
				819714C01C759D4D0045BDC7 /* Debug */,
				819714C11C759D4D0045BDC7 /* Release */,
			);
			defaultConfigurationIsVisible = 0;
			defaultConfigurationName = Release;
		};
/* End XCConfigurationList section */

/* Begin XCVersionGroup section */
		819714B41C759D4D0045BDC7 /* esmerization.xcdatamodeld */ = {
			isa = XCVersionGroup;
			children = (
				819714B51C759D4D0045BDC7 /* esmerization.xcdatamodel */,
			);
			currentVersion = 819714B51C759D4D0045BDC7 /* esmerization.xcdatamodel */;
			path = esmerization.xcdatamodeld;
			sourceTree = "<group>";
			versionGroupType = wrapper.xcdatamodel;
		};
/* End XCVersionGroup section */
	};
	rootObject = 819714A21C759D4C0045BDC7 /* Project object */;
}
